
Microsoft Visual Studio Solution File, Format Version 12.00
# Visual Studio Version 17
VisualStudioVersion = 17.5.002.0
MinimumVisualStudioVersion = 10.0.40219.1
Project("{9A19103F-16F7-4668-BE54-9A1E7A4F7556}") = "burn", "burn\burn.csproj", "{533B15D5-0456-4AA4-BE13-59F2611A0835}"
EndProject
Project("{9A19103F-16F7-4668-BE54-9A1E7A4F7556}") = "peridot", "peridot\peridot.csproj", "{E98A67C3-EC3A-46C1-B7B7-DF0D4B0ACBFA}"
EndProject
Global
	GlobalSection(SolutionConfigurationPlatforms) = preSolution
		Debug|Any CPU = Debug|Any CPU
		Release|Any CPU = Release|Any CPU
	EndGlobalSection
	GlobalSection(ProjectConfigurationPlatforms) = postSolution
		{533B15D5-0456-4AA4-BE13-59F2611A0835}.Debug|Any CPU.ActiveCfg = Debug|Any CPU
		{533B15D5-0456-4AA4-BE13-59F2611A0835}.Debug|Any CPU.Build.0 = Debug|Any CPU
		{533B15D5-0456-4AA4-BE13-59F2611A0835}.Release|Any CPU.ActiveCfg = Release|Any CPU
		{533B15D5-0456-4AA4-BE13-59F2611A0835}.Release|Any CPU.Build.0 = Release|Any CPU
		{E98A67C3-EC3A-46C1-B7B7-DF0D4B0ACBFA}.Debug|Any CPU.ActiveCfg = Debug|Any CPU
		{E98A67C3-EC3A-46C1-B7B7-DF0D4B0ACBFA}.Debug|Any CPU.Build.0 = Debug|Any CPU
		{E98A67C3-EC3A-46C1-B7B7-DF0D4B0ACBFA}.Release|Any CPU.ActiveCfg = Release|Any CPU
		{E98A67C3-EC3A-46C1-B7B7-DF0D4B0ACBFA}.Release|Any CPU.Build.0 = Release|Any CPU
	EndGlobalSection
	GlobalSection(SolutionProperties) = preSolution
		HideSolutionNode = FALSE
	EndGlobalSection
	GlobalSection(ExtensibilityGlobals) = postSolution
		SolutionGuid = {BCAF22B2-B690-47C4-850C-4880A5726949}
	EndGlobalSection
EndGlobal
